PODS:
  - SDTheme (0.1.1):
    - SDTheme/Core (= 0.1.1)
    - SDTheme/UIKit (= 0.1.1)
  - SDTheme/Core (0.1.1)
  - SDTheme/UIKit (0.1.1):
    - SDTheme/Core

DEPENDENCIES:
  - SDTheme (from `../`)

EXTERNAL SOURCES:
  SDTheme:
    :path: "../"

SPEC CHECKSUMS:
  SDTheme: 55e2e1e41ef8d18da3ab2011f2bd3bcbf0c12e52

PODFILE CHECKSUM: 6d1b5f0b19df0c4fc33e41bc57246ca2154886f6

COCOAPODS: 1.5.0
